
Microsoft Visual Studio Solution File, Format Version 12.00
# Visual Studio Version 17
VisualStudioVersion = 17.12.35527.113
MinimumVisualStudioVersion = 10.0.40219.1
Project("{FAE04EC0-301F-11D3-BF4B-00C04F79EFBC}") = "RoomBookingApp.Core.Tests", "RoomBookingApp.Core.Tests\RoomBookingApp.Core.Tests.csproj", "{605ACEC2-0006-40D2-9556-27C10D4000AE}"
EndProject
Project("{FAE04EC0-301F-11D3-BF4B-00C04F79EFBC}") = "RoomBookingApp.Domain", "RoomBookingApp.Domain\RoomBookingApp.Domain.csproj", "{C693D1CB-5485-46A9-8312-E76F64560CB1}"
EndProject
Project("{FAE04EC0-301F-11D3-BF4B-00C04F79EFBC}") = "RoomBookingApp.Persistence", "RoomBookingApp.Persistence\RoomBookingApp.Persistence.csproj", "{E7B3E35E-AD0B-41C8-9722-0868BB1FAC7D}"
EndProject
Project("{FAE04EC0-301F-11D3-BF4B-00C04F79EFBC}") = "RoomBookingApp.Persistence.Tests", "RoomBookingApp.Persistence.Tests\RoomBookingApp.Persistence.Tests.csproj", "{362A2407-8B6D-4EC3-B037-EEEE6E23E814}"
EndProject
Project("{FAE04EC0-301F-11D3-BF4B-00C04F79EFBC}") = "RoomBookingApp.Core", "RoomBookingApp.Core\RoomBookingApp.Core.csproj", "{2E203D5D-AB6D-453A-891B-65B366A6ED71}"
EndProject
Project("{FAE04EC0-301F-11D3-BF4B-00C04F79EFBC}") = "RoomBookingApp.Api", "RoomBookingApp.Api\RoomBookingApp.Api.csproj", "{26DCF928-6A53-4FB2-8E19-9361736B7199}"
EndProject
Project("{FAE04EC0-301F-11D3-BF4B-00C04F79EFBC}") = "RoomBookingApp.Api.Tests", "RoomBookingApp.Api.Tests\RoomBookingApp.Api.Tests.csproj", "{A0C3D296-8EA4-4A6B-900D-EF0A1BF39C93}"
EndProject
Global
	GlobalSection(SolutionConfigurationPlatforms) = preSolution
		Debug|Any CPU = Debug|Any CPU
		Release|Any CPU = Release|Any CPU
	EndGlobalSection
	GlobalSection(ProjectConfigurationPlatforms) = postSolution
		{605ACEC2-0006-40D2-9556-27C10D4000AE}.Debug|Any CPU.ActiveCfg = Debug|Any CPU
		{605ACEC2-0006-40D2-9556-27C10D4000AE}.Debug|Any CPU.Build.0 = Debug|Any CPU
		{605ACEC2-0006-40D2-9556-27C10D4000AE}.Release|Any CPU.ActiveCfg = Release|Any CPU
		{605ACEC2-0006-40D2-9556-27C10D4000AE}.Release|Any CPU.Build.0 = Release|Any CPU
		{C693D1CB-5485-46A9-8312-E76F64560CB1}.Debug|Any CPU.ActiveCfg = Debug|Any CPU
		{C693D1CB-5485-46A9-8312-E76F64560CB1}.Debug|Any CPU.Build.0 = Debug|Any CPU
		{C693D1CB-5485-46A9-8312-E76F64560CB1}.Release|Any CPU.ActiveCfg = Release|Any CPU
		{C693D1CB-5485-46A9-8312-E76F64560CB1}.Release|Any CPU.Build.0 = Release|Any CPU
		{E7B3E35E-AD0B-41C8-9722-0868BB1FAC7D}.Debug|Any CPU.ActiveCfg = Debug|Any CPU
		{E7B3E35E-AD0B-41C8-9722-0868BB1FAC7D}.Debug|Any CPU.Build.0 = Debug|Any CPU
		{E7B3E35E-AD0B-41C8-9722-0868BB1FAC7D}.Release|Any CPU.ActiveCfg = Release|Any CPU
		{E7B3E35E-AD0B-41C8-9722-0868BB1FAC7D}.Release|Any CPU.Build.0 = Release|Any CPU
		{362A2407-8B6D-4EC3-B037-EEEE6E23E814}.Debug|Any CPU.ActiveCfg = Debug|Any CPU
		{362A2407-8B6D-4EC3-B037-EEEE6E23E814}.Debug|Any CPU.Build.0 = Debug|Any CPU
		{362A2407-8B6D-4EC3-B037-EEEE6E23E814}.Release|Any CPU.ActiveCfg = Release|Any CPU
		{362A2407-8B6D-4EC3-B037-EEEE6E23E814}.Release|Any CPU.Build.0 = Release|Any CPU
		{2E203D5D-AB6D-453A-891B-65B366A6ED71}.Debug|Any CPU.ActiveCfg = Debug|Any CPU
		{2E203D5D-AB6D-453A-891B-65B366A6ED71}.Debug|Any CPU.Build.0 = Debug|Any CPU
		{2E203D5D-AB6D-453A-891B-65B366A6ED71}.Release|Any CPU.ActiveCfg = Release|Any CPU
		{2E203D5D-AB6D-453A-891B-65B366A6ED71}.Release|Any CPU.Build.0 = Release|Any CPU
		{26DCF928-6A53-4FB2-8E19-9361736B7199}.Debug|Any CPU.ActiveCfg = Debug|Any CPU
		{26DCF928-6A53-4FB2-8E19-9361736B7199}.Debug|Any CPU.Build.0 = Debug|Any CPU
		{26DCF928-6A53-4FB2-8E19-9361736B7199}.Release|Any CPU.ActiveCfg = Release|Any CPU
		{26DCF928-6A53-4FB2-8E19-9361736B7199}.Release|Any CPU.Build.0 = Release|Any CPU
		{A0C3D296-8EA4-4A6B-900D-EF0A1BF39C93}.Debug|Any CPU.ActiveCfg = Debug|Any CPU
		{A0C3D296-8EA4-4A6B-900D-EF0A1BF39C93}.Debug|Any CPU.Build.0 = Debug|Any CPU
		{A0C3D296-8EA4-4A6B-900D-EF0A1BF39C93}.Release|Any CPU.ActiveCfg = Release|Any CPU
		{A0C3D296-8EA4-4A6B-900D-EF0A1BF39C93}.Release|Any CPU.Build.0 = Release|Any CPU
	EndGlobalSection
	GlobalSection(SolutionProperties) = preSolution
		HideSolutionNode = FALSE
	EndGlobalSection
EndGlobal
